{
  "originHash" : "2cac645b59e169c948a9ec817767e899ffe9a23ffa8541cea901ca5f8c2851bd",
  "pins" : [
    {
      "identity" : "confettiswiftui",
      "kind" : "remoteSourceControl",
      "location" : "https://github.com/simibac/ConfettiSwiftUI.git",
      "state" : {
        "revision" : "79666d42b882bf7921b1941fa7c636d681d77980",
        "version" : "2.0.3"
      }
    },
    {
      "identity" : "kamaalswift",
      "kind" : "remoteSourceControl",
      "location" : "https://github.com/Kamaalio/KamaalSwift.git",
      "state" : {
        "revision" : "9f2a154b06c05021b490c4262f7d0937bb94dee3",
        "version" : "3.5.0"
      }
    }
  ],
  "version" : 3
}
